// !$*UTF8*$!
{
	archiveVersion = 1;
	classes = {
	};
	objectVersion = 56;
	objects = {

/* Begin PBXBuildFile section */
		74F97D102BA9BD2E009EA4F1 /* SimpleiOSSwiftAppApp.swift in Sources */ = {isa = PBXBuildFile; fileRef = 74F97D0F2BA9BD2E009EA4F1 /* SimpleiOSSwiftAppApp.swift */; };
		74F97D122BA9BD2E009EA4F1 /* ContentView.swift in Sources */ = {isa = PBXBuildFile; fileRef = 74F97D112BA9BD2E009EA4F1 /* ContentView.swift */; };
		74F97D142BA9BD30009EA4F1 /* Assets.xcassets in Resources */ = {isa = PBXBuildFile; fileRef = 74F97D132BA9BD30009EA4F1 /* Assets.xcassets */; };
		74F97D172BA9BD30009EA4F1 /* Preview Assets.xcassets in Resources */ = {isa = PBXBuildFile; fileRef = 74F97D162BA9BD30009EA4F1 /* Preview Assets.xcassets */; };
		74F97D212BA9BD30009EA4F1 /* SimpleiOSSwiftAppTests.swift in Sources */ = {isa = PBXBuildFile; fileRef = 74F97D202BA9BD30009EA4F1 /* SimpleiOSSwiftAppTests.swift */; };
		74F97D2B2BA9BD30009EA4F1 /* SimpleiOSSwiftAppUITests.swift in Sources */ = {isa = PBXBuildFile; fileRef = 74F97D2A2BA9BD30009EA4F1 /* SimpleiOSSwiftAppUITests.swift */; };
		74F97D2D2BA9BD30009EA4F1 /* SimpleiOSSwiftAppUITestsLaunchTests.swift in Sources */ = {isa = PBXBuildFile; fileRef = 74F97D2C2BA9BD30009EA4F1 /* SimpleiOSSwiftAppUITestsLaunchTests.swift */; };
/* End PBXBuildFile section */

/* Begin PBXContainerItemProxy section */
		74F97D1D2BA9BD30009EA4F1 /* PBXContainerItemProxy */ = {
			isa = PBXContainerItemProxy;
			containerPortal = 74F97D042BA9BD2E009EA4F1 /* Project object */;
			proxyType = 1;
			remoteGlobalIDString = 74F97D0B2BA9BD2E009EA4F1;
			remoteInfo = SimpleiOSSwiftApp;
		};
		74F97D272BA9BD30009EA4F1 /* PBXContainerItemProxy */ = {
			isa = PBXContainerItemProxy;
			containerPortal = 74F97D042BA9BD2E009EA4F1 /* Project object */;
			proxyType = 1;
			remoteGlobalIDString = 74F97D0B2BA9BD2E009EA4F1;
			remoteInfo = SimpleiOSSwiftApp;
		};
/* End PBXContainerItemProxy section */

/* Begin PBXFileReference section */
		74F97D0C2BA9BD2E009EA4F1 /* SimpleiOSSwiftApp.app */ = {isa = PBXFileReference; explicitFileType = wrapper.application; includeInIndex = 0; path = SimpleiOSSwiftApp.app; sourceTree = BUILT_PRODUCTS_DIR; };
		74F97D0F2BA9BD2E009EA4F1 /* SimpleiOSSwiftAppApp.swift */ = {isa = PBXFileReference; lastKnownFileType = sourcecode.swift; path = SimpleiOSSwiftAppApp.swift; sourceTree = "<group>"; };
		74F97D112BA9BD2E009EA4F1 /* ContentView.swift */ = {isa = PBXFileReference; lastKnownFileType = sourcecode.swift; path = ContentView.swift; sourceTree = "<group>"; };
		74F97D132BA9BD30009EA4F1 /* Assets.xcassets */ = {isa = PBXFileReference; lastKnownFileType = folder.assetcatalog; path = Assets.xcassets; sourceTree = "<group>"; };
		74F97D162BA9BD30009EA4F1 /* Preview Assets.xcassets */ = {isa = PBXFileReference; lastKnownFileType = folder.assetcatalog; path = "Preview Assets.xcassets"; sourceTree = "<group>"; };
		74F97D1C2BA9BD30009EA4F1 /* SimpleiOSSwiftAppTests.xctest */ = {isa = PBXFileReference; explicitFileType = wrapper.cfbundle; includeInIndex = 0; path = SimpleiOSSwiftAppTests.xctest; sourceTree = BUILT_PRODUCTS_DIR; };
		74F97D202BA9BD30009EA4F1 /* SimpleiOSSwiftAppTests.swift */ = {isa = PBXFileReference; lastKnownFileType = sourcecode.swift; path = SimpleiOSSwiftAppTests.swift; sourceTree = "<group>"; };
		74F97D262BA9BD30009EA4F1 /* SimpleiOSSwiftAppUITests.xctest */ = {isa = PBXFileReference; explicitFileType = wrapper.cfbundle; includeInIndex = 0; path = SimpleiOSSwiftAppUITests.xctest; sourceTree = BUILT_PRODUCTS_DIR; };
		74F97D2A2BA9BD30009EA4F1 /* SimpleiOSSwiftAppUITests.swift */ = {isa = PBXFileReference; lastKnownFileType = sourcecode.swift; path = SimpleiOSSwiftAppUITests.swift; sourceTree = "<group>"; };
		74F97D2C2BA9BD30009EA4F1 /* SimpleiOSSwiftAppUITestsLaunchTests.swift */ = {isa = PBXFileReference; lastKnownFileType = sourcecode.swift; path = SimpleiOSSwiftAppUITestsLaunchTests.swift; sourceTree = "<group>"; };
/* End PBXFileReference section */

/* Begin PBXFrameworksBuildPhase section */
		74F97D092BA9BD2E009EA4F1 /* Frameworks */ = {
			isa = PBXFrameworksBuildPhase;
			buildActionMask = 2147483647;
			files = (
			);
			runOnlyForDeploymentPostprocessing = 0;
		};
		74F97D192BA9BD30009EA4F1 /* Frameworks */ = {
			isa = PBXFrameworksBuildPhase;
			buildActionMask = 2147483647;
			files = (
			);
			runOnlyForDeploymentPostprocessing = 0;
		};
		74F97D232BA9BD30009EA4F1 /* Frameworks */ = {
			isa = PBXFrameworksBuildPhase;
			buildActionMask = 2147483647;
			files = (
			);
			runOnlyForDeploymentPostprocessing = 0;
		};
/* End PBXFrameworksBuildPhase section */

/* Begin PBXGroup section */
		74F97D032BA9BD2E009EA4F1 = {
			isa = PBXGroup;
			children = (
				74F97D0E2BA9BD2E009EA4F1 /* SimpleiOSSwiftApp */,
				74F97D1F2BA9BD30009EA4F1 /* SimpleiOSSwiftAppTests */,
				74F97D292BA9BD30009EA4F1 /* SimpleiOSSwiftAppUITests */,
				74F97D0D2BA9BD2E009EA4F1 /* Products */,
			);
			sourceTree = "<group>";
		};
		74F97D0D2BA9BD2E009EA4F1 /* Products */ = {
			isa = PBXGroup;
			children = (
				74F97D0C2BA9BD2E009EA4F1 /* SimpleiOSSwiftApp.app */,
				74F97D1C2BA9BD30009EA4F1 /* SimpleiOSSwiftAppTests.xctest */,
				74F97D262BA9BD30009EA4F1 /* SimpleiOSSwiftAppUITests.xctest */,
			);
			name = Products;
			sourceTree = "<group>";
		};
		74F97D0E2BA9BD2E009EA4F1 /* SimpleiOSSwiftApp */ = {
			isa = PBXGroup;
			children = (
				74F97D0F2BA9BD2E009EA4F1 /* SimpleiOSSwiftAppApp.swift */,
				74F97D112BA9BD2E009EA4F1 /* ContentView.swift */,
				74F97D132BA9BD30009EA4F1 /* Assets.xcassets */,
				74F97D152BA9BD30009EA4F1 /* Preview Content */,
			);
			path = SimpleiOSSwiftApp;
			sourceTree = "<group>";
		};
		74F97D152BA9BD30009EA4F1 /* Preview Content */ = {
			isa = PBXGroup;
			children = (
				74F97D162BA9BD30009EA4F1 /* Preview Assets.xcassets */,
			);
			path = "Preview Content";
			sourceTree = "<group>";
		};
		74F97D1F2BA9BD30009EA4F1 /* SimpleiOSSwiftAppTests */ = {
			isa = PBXGroup;
			children = (
				74F97D202BA9BD30009EA4F1 /* SimpleiOSSwiftAppTests.swift */,
			);
			path = SimpleiOSSwiftAppTests;
			sourceTree = "<group>";
		};
		74F97D292BA9BD30009EA4F1 /* SimpleiOSSwiftAppUITests */ = {
			isa = PBXGroup;
			children = (
				74F97D2A2BA9BD30009EA4F1 /* SimpleiOSSwiftAppUITests.swift */,
				74F97D2C2BA9BD30009EA4F1 /* SimpleiOSSwiftAppUITestsLaunchTests.swift */,
			);
			path = SimpleiOSSwiftAppUITests;
			sourceTree = "<group>";
		};
/* End PBXGroup section */

/* Begin PBXNativeTarget section */
		74F97D0B2BA9BD2E009EA4F1 /* SimpleiOSSwiftApp */ = {
			isa = PBXNativeTarget;
			buildConfigurationList = 74F97D302BA9BD30009EA4F1 /* Build configuration list for PBXNativeTarget "SimpleiOSSwiftApp" */;
			buildPhases = (
				74F97D082BA9BD2E009EA4F1 /* Sources */,
				74F97D092BA9BD2E009EA4F1 /* Frameworks */,
				74F97D0A2BA9BD2E009EA4F1 /* Resources */,
			);
			buildRules = (
			);
			dependencies = (
			);
			name = SimpleiOSSwiftApp;
			productName = SimpleiOSSwiftApp;
			productReference = 74F97D0C2BA9BD2E009EA4F1 /* SimpleiOSSwiftApp.app */;
			productType = "com.apple.product-type.application";
		};
		74F97D1B2BA9BD30009EA4F1 /* SimpleiOSSwiftAppTests */ = {
			isa = PBXNativeTarget;
			buildConfigurationList = 74F97D332BA9BD30009EA4F1 /* Build configuration list for PBXNativeTarget "SimpleiOSSwiftAppTests" */;
			buildPhases = (
				74F97D182BA9BD30009EA4F1 /* Sources */,
				74F97D192BA9BD30009EA4F1 /* Frameworks */,
				74F97D1A2BA9BD30009EA4F1 /* Resources */,
			);
			buildRules = (
			);
			dependencies = (
				74F97D1E2BA9BD30009EA4F1 /* PBXTargetDependency */,
			);
			name = SimpleiOSSwiftAppTests;
			productName = SimpleiOSSwiftAppTests;
			productReference = 74F97D1C2BA9BD30009EA4F1 /* SimpleiOSSwiftAppTests.xctest */;
			productType = "com.apple.product-type.bundle.unit-test";
		};
		74F97D252BA9BD30009EA4F1 /* SimpleiOSSwiftAppUITests */ = {
			isa = PBXNativeTarget;
			buildConfigurationList = 74F97D362BA9BD30009EA4F1 /* Build configuration list for PBXNativeTarget "SimpleiOSSwiftAppUITests" */;
			buildPhases = (
				74F97D222BA9BD30009EA4F1 /* Sources */,
				74F97D232BA9BD30009EA4F1 /* Frameworks */,
				74F97D242BA9BD30009EA4F1 /* Resources */,
			);
			buildRules = (
			);
			dependencies = (
				74F97D282BA9BD30009EA4F1 /* PBXTargetDependency */,
			);
			name = SimpleiOSSwiftAppUITests;
			productName = SimpleiOSSwiftAppUITests;
			productReference = 74F97D262BA9BD30009EA4F1 /* SimpleiOSSwiftAppUITests.xctest */;
			productType = "com.apple.product-type.bundle.ui-testing";
		};
/* End PBXNativeTarget section */

/* Begin PBXProject section */
		74F97D042BA9BD2E009EA4F1 /* Project object */ = {
			isa = PBXProject;
			attributes = {
				BuildIndependentTargetsInParallel = 1;
				LastSwiftUpdateCheck = 1530;
				LastUpgradeCheck = 1530;
				TargetAttributes = {
					74F97D0B2BA9BD2E009EA4F1 = {
						CreatedOnToolsVersion = 15.3;
					};
					74F97D1B2BA9BD30009EA4F1 = {
						CreatedOnToolsVersion = 15.3;
						TestTargetID = 74F97D0B2BA9BD2E009EA4F1;
					};
					74F97D252BA9BD30009EA4F1 = {
						CreatedOnToolsVersion = 15.3;
						TestTargetID = 74F97D0B2BA9BD2E009EA4F1;
					};
				};
			};
			buildConfigurationList = 74F97D072BA9BD2E009EA4F1 /* Build configuration list for PBXProject "SimpleiOSSwiftApp" */;
			compatibilityVersion = "Xcode 14.0";
			developmentRegion = en;
			hasScannedForEncodings = 0;
			knownRegions = (
				en,
				Base,
			);
			mainGroup = 74F97D032BA9BD2E009EA4F1;
			productRefGroup = 74F97D0D2BA9BD2E009EA4F1 /* Products */;
			projectDirPath = "";
			projectRoot = "";
			targets = (
				74F97D0B2BA9BD2E009EA4F1 /* SimpleiOSSwiftApp */,
				74F97D1B2BA9BD30009EA4F1 /* SimpleiOSSwiftAppTests */,
				74F97D252BA9BD30009EA4F1 /* SimpleiOSSwiftAppUITests */,
			);
		};
/* End PBXProject section */

/* Begin PBXResourcesBuildPhase section */
		74F97D0A2BA9BD2E009EA4F1 /* Resources */ = {
			isa = PBXResourcesBuildPhase;
			buildActionMask = 2147483647;
			files = (
				74F97D172BA9BD30009EA4F1 /* Preview Assets.xcassets in Resources */,
				74F97D142BA9BD30009EA4F1 /* Assets.xcassets in Resources */,
			);
			runOnlyForDeploymentPostprocessing = 0;
		};
		74F97D1A2BA9BD30009EA4F1 /* Resources */ = {
			isa = PBXResourcesBuildPhase;
			buildActionMask = 2147483647;
			files = (
			);
			runOnlyForDeploymentPostprocessing = 0;
		};
		74F97D242BA9BD30009EA4F1 /* Resources */ = {
			isa = PBXResourcesBuildPhase;
			buildActionMask = 2147483647;
			files = (
			);
			runOnlyForDeploymentPostprocessing = 0;
		};
/* End PBXResourcesBuildPhase section */

/* Begin PBXSourcesBuildPhase section */
		74F97D082BA9BD2E009EA4F1 /* Sources */ = {
			isa = PBXSourcesBuildPhase;
			buildActionMask = 2147483647;
			files = (
				74F97D122BA9BD2E009EA4F1 /* ContentView.swift in Sources */,
				74F97D102BA9BD2E009EA4F1 /* SimpleiOSSwiftAppApp.swift in Sources */,
			);
			runOnlyForDeploymentPostprocessing = 0;
		};
		74F97D182BA9BD30009EA4F1 /* Sources */ = {
			isa = PBXSourcesBuildPhase;
			buildActionMask = 2147483647;
			files = (
				74F97D212BA9BD30009EA4F1 /* SimpleiOSSwiftAppTests.swift in Sources */,
			);
			runOnlyForDeploymentPostprocessing = 0;
		};
		74F97D222BA9BD30009EA4F1 /* Sources */ = {
			isa = PBXSourcesBuildPhase;
			buildActionMask = 2147483647;
			files = (
				74F97D2D2BA9BD30009EA4F1 /* SimpleiOSSwiftAppUITestsLaunchTests.swift in Sources */,
				74F97D2B2BA9BD30009EA4F1 /* SimpleiOSSwiftAppUITests.swift in Sources */,
			);
			runOnlyForDeploymentPostprocessing = 0;
		};
/* End PBXSourcesBuildPhase section */

/* Begin PBXTargetDependency section */
		74F97D1E2BA9BD30009EA4F1 /* PBXTargetDependency */ = {
			isa = PBXTargetDependency;
			target = 74F97D0B2BA9BD2E009EA4F1 /* SimpleiOSSwiftApp */;
			targetProxy = 74F97D1D2BA9BD30009EA4F1 /* PBXContainerItemProxy */;
		};
		74F97D282BA9BD30009EA4F1 /* PBXTargetDependency */ = {
			isa = PBXTargetDependency;
			target = 74F97D0B2BA9BD2E009EA4F1 /* SimpleiOSSwiftApp */;
			targetProxy = 74F97D272BA9BD30009EA4F1 /* PBXContainerItemProxy */;
		};
/* End PBXTargetDependency section */

/* Begin XCBuildConfiguration section */
		74F97D2E2BA9BD30009EA4F1 /* Debug */ = {
			isa = XCBuildConfiguration;
			buildSettings = {
				ALWAYS_SEARCH_USER_PATHS = NO;
				ASSETCATALOG_COMPILER_GENERATE_SWIFT_ASSET_SYMBOL_EXTENSIONS = YES;
				CLANG_ANALYZER_NONNULL = YES;
				CLANG_ANALYZER_NUMBER_OBJECT_CONVERSION = YES_AGGRESSIVE;
				CLANG_CXX_LANGUAGE_STANDARD = "gnu++20";
				CLANG_ENABLE_MODULES = YES;
				CLANG_ENABLE_OBJC_ARC = YES;
				CLANG_ENABLE_OBJC_WEAK = YES;
				CLANG_WARN_BLOCK_CAPTURE_AUTORELEASING = YES;
				CLANG_WARN_BOOL_CONVERSION = YES;
				CLANG_WARN_COMMA = YES;
				CLANG_WARN_CONSTANT_CONVERSION = YES;
				CLANG_WARN_DEPRECATED_OBJC_IMPLEMENTATIONS = YES;
				CLANG_WARN_DIRECT_OBJC_ISA_USAGE = YES_ERROR;
				CLANG_WARN_DOCUMENTATION_COMMENTS = YES;
				CLANG_WARN_EMPTY_BODY = YES;
				CLANG_WARN_ENUM_CONVERSION = YES;
				CLANG_WARN_INFINITE_RECURSION = YES;
				CLANG_WARN_INT_CONVERSION = YES;
				CLANG_WARN_NON_LITERAL_NULL_CONVERSION = YES;
				CLANG_WARN_OBJC_IMPLICIT_RETAIN_SELF = YES;
				CLANG_WARN_OBJC_LITERAL_CONVERSION = YES;
				CLANG_WARN_OBJC_ROOT_CLASS = YES_ERROR;
				CLANG_WARN_QUOTED_INCLUDE_IN_FRAMEWORK_HEADER = YES;
				CLANG_WARN_RANGE_LOOP_ANALYSIS = YES;
				CLANG_WARN_STRICT_PROTOTYPES = YES;
				CLANG_WARN_SUSPICIOUS_MOVE = YES;
				CLANG_WARN_UNGUARDED_AVAILABILITY = YES_AGGRESSIVE;
				CLANG_WARN_UNREACHABLE_CODE = YES;
				CLANG_WARN__DUPLICATE_METHOD_MATCH = YES;
				COPY_PHASE_STRIP = NO;
				DEBUG_INFORMATION_FORMAT = dwarf;
				ENABLE_STRICT_OBJC_MSGSEND = YES;
				ENABLE_TESTABILITY = YES;
				ENABLE_USER_SCRIPT_SANDBOXING = YES;
				GCC_C_LANGUAGE_STANDARD = gnu17;
				GCC_DYNAMIC_NO_PIC = NO;
				GCC_NO_COMMON_BLOCKS = YES;
				GCC_OPTIMIZATION_LEVEL = 0;
				GCC_PREPROCESSOR_DEFINITIONS = (
					"DEBUG=1",
					"$(inherited)",
				);
				GCC_WARN_64_TO_32_BIT_CONVERSION = YES;
				GCC_WARN_ABOUT_RETURN_TYPE = YES_ERROR;
				GCC_WARN_UNDECLARED_SELECTOR = YES;
				GCC_WARN_UNINITIALIZED_AUTOS = YES_AGGRESSIVE;
				GCC_WARN_UNUSED_FUNCTION = YES;
				GCC_WARN_UNUSED_VARIABLE = YES;
				IPHONEOS_DEPLOYMENT_TARGET = 17.4;
				LOCALIZATION_PREFERS_STRING_CATALOGS = YES;
				MTL_ENABLE_DEBUG_INFO = INCLUDE_SOURCE;
				MTL_FAST_MATH = YES;
				ONLY_ACTIVE_ARCH = YES;
				SDKROOT = iphoneos;
				SWIFT_ACTIVE_COMPILATION_CONDITIONS = "DEBUG $(inherited)";
				SWIFT_OPTIMIZATION_LEVEL = "-Onone";
			};
			name = Debug;
		};
		74F97D2F2BA9BD30009EA4F1 /* Release */ = {
			isa = XCBuildConfiguration;
			buildSettings = {
				ALWAYS_SEARCH_USER_PATHS = NO;
				ASSETCATALOG_COMPILER_GENERATE_SWIFT_ASSET_SYMBOL_EXTENSIONS = YES;
				CLANG_ANALYZER_NONNULL = YES;
				CLANG_ANALYZER_NUMBER_OBJECT_CONVERSION = YES_AGGRESSIVE;
				CLANG_CXX_LANGUAGE_STANDARD = "gnu++20";
				CLANG_ENABLE_MODULES = YES;
				CLANG_ENABLE_OBJC_ARC = YES;
				CLANG_ENABLE_OBJC_WEAK = YES;
				CLANG_WARN_BLOCK_CAPTURE_AUTORELEASING = YES;
				CLANG_WARN_BOOL_CONVERSION = YES;
				CLANG_WARN_COMMA = YES;
				CLANG_WARN_CONSTANT_CONVERSION = YES;
				CLANG_WARN_DEPRECATED_OBJC_IMPLEMENTATIONS = YES;
				CLANG_WARN_DIRECT_OBJC_ISA_USAGE = YES_ERROR;
				CLANG_WARN_DOCUMENTATION_COMMENTS = YES;
				CLANG_WARN_EMPTY_BODY = YES;
				CLANG_WARN_ENUM_CONVERSION = YES;
				CLANG_WARN_INFINITE_RECURSION = YES;
				CLANG_WARN_INT_CONVERSION = YES;
				CLANG_WARN_NON_LITERAL_NULL_CONVERSION = YES;
				CLANG_WARN_OBJC_IMPLICIT_RETAIN_SELF = YES;
				CLANG_WARN_OBJC_LITERAL_CONVERSION = YES;
				CLANG_WARN_OBJC_ROOT_CLASS = YES_ERROR;
				CLANG_WARN_QUOTED_INCLUDE_IN_FRAMEWORK_HEADER = YES;
				CLANG_WARN_RANGE_LOOP_ANALYSIS = YES;
				CLANG_WARN_STRICT_PROTOTYPES = YES;
				CLANG_WARN_SUSPICIOUS_MOVE = YES;
				CLANG_WARN_UNGUARDED_AVAILABILITY = YES_AGGRESSIVE;
				CLANG_WARN_UNREACHABLE_CODE = YES;
				CLANG_WARN__DUPLICATE_METHOD_MATCH = YES;
				COPY_PHASE_STRIP = NO;
				DEBUG_INFORMATION_FORMAT = "dwarf-with-dsym";
				ENABLE_NS_ASSERTIONS = NO;
				ENABLE_STRICT_OBJC_MSGSEND = YES;
				ENABLE_USER_SCRIPT_SANDBOXING = YES;
				GCC_C_LANGUAGE_STANDARD = gnu17;
				GCC_NO_COMMON_BLOCKS = YES;
				GCC_WARN_64_TO_32_BIT_CONVERSION = YES;
				GCC_WARN_ABOUT_RETURN_TYPE = YES_ERROR;
				GCC_WARN_UNDECLARED_SELECTOR = YES;
				GCC_WARN_UNINITIALIZED_AUTOS = YES_AGGRESSIVE;
				GCC_WARN_UNUSED_FUNCTION = YES;
				GCC_WARN_UNUSED_VARIABLE = YES;
				IPHONEOS_DEPLOYMENT_TARGET = 17.4;
				LOCALIZATION_PREFERS_STRING_CATALOGS = YES;
				MTL_ENABLE_DEBUG_INFO = NO;
				MTL_FAST_MATH = YES;
				SDKROOT = iphoneos;
				SWIFT_COMPILATION_MODE = wholemodule;
				VALIDATE_PRODUCT = YES;
			};
			name = Release;
		};
		74F97D312BA9BD30009EA4F1 /* Debug */ = {
			isa = XCBuildConfiguration;
			buildSettings = {
				ASSETCATALOG_COMPILER_APPICON_NAME = AppIcon;
				ASSETCATALOG_COMPILER_GLOBAL_ACCENT_COLOR_NAME = AccentColor;
				CODE_SIGN_STYLE = Automatic;
				CURRENT_PROJECT_VERSION = 1;
				DEVELOPMENT_ASSET_PATHS = "\"SimpleiOSSwiftApp/Preview Content\"";
				DEVELOPMENT_TEAM = 8WTH92NXLW;
				ENABLE_PREVIEWS = YES;
				GENERATE_INFOPLIST_FILE = YES;
				INFOPLIST_KEY_UIApplicationSceneManifest_Generation = YES;
				INFOPLIST_KEY_UIApplicationSupportsIndirectInputEvents = YES;
				INFOPLIST_KEY_UILaunchScreen_Generation = YES;
				INFOPLIST_KEY_UISupportedInterfaceOrientations_iPad = "UIInterfaceOrientationPortrait UIInterfaceOrientationPortraitUpsideDown UIInterfaceOrientationLandscapeLeft UIInterfaceOrientationLandscapeRight";
				INFOPLIST_KEY_UISupportedInterfaceOrientations_iPhone = "UIInterfaceOrientationPortrait UIInterfaceOrientationLandscapeLeft UIInterfaceOrientationLandscapeRight";
				IPHONEOS_DEPLOYMENT_TARGET = 17.0;
				LD_RUNPATH_SEARCH_PATHS = (
					"$(inherited)",
					"@executable_path/Frameworks",
				);
				MARKETING_VERSION = 1.0;
				PRODUCT_BUNDLE_IDENTIFIER = com.alliconsulting.app.SimpleiOSSwiftApp;
				PRODUCT_NAME = "$(TARGET_NAME)";
				SWIFT_EMIT_LOC_STRINGS = YES;
				SWIFT_VERSION = 5.0;
				TARGETED_DEVICE_FAMILY = "1,2";
			};
			name = Debug;
		};
		74F97D322BA9BD30009EA4F1 /* Release */ = {
			isa = XCBuildConfiguration;
			buildSettings = {
				ASSETCATALOG_COMPILER_APPICON_NAME = AppIcon;
				ASSETCATALOG_COMPILER_GLOBAL_ACCENT_COLOR_NAME = AccentColor;
				CODE_SIGN_STYLE = Automatic;
				CURRENT_PROJECT_VERSION = 1;
				DEVELOPMENT_ASSET_PATHS = "\"SimpleiOSSwiftApp/Preview Content\"";
				DEVELOPMENT_TEAM = 8WTH92NXLW;
				ENABLE_PREVIEWS = YES;
				GENERATE_INFOPLIST_FILE = YES;
				INFOPLIST_KEY_UIApplicationSceneManifest_Generation = YES;
				INFOPLIST_KEY_UIApplicationSupportsIndirectInputEvents = YES;
				INFOPLIST_KEY_UILaunchScreen_Generation = YES;
				INFOPLIST_KEY_UISupportedInterfaceOrientations_iPad = "UIInterfaceOrientationPortrait UIInterfaceOrientationPortraitUpsideDown UIInterfaceOrientationLandscapeLeft UIInterfaceOrientationLandscapeRight";
				INFOPLIST_KEY_UISupportedInterfaceOrientations_iPhone = "UIInterfaceOrientationPortrait UIInterfaceOrientationLandscapeLeft UIInterfaceOrientationLandscapeRight";
				IPHONEOS_DEPLOYMENT_TARGET = 17.0;
				LD_RUNPATH_SEARCH_PATHS = (
					"$(inherited)",
					"@executable_path/Frameworks",
				);
				MARKETING_VERSION = 1.0;
				PRODUCT_BUNDLE_IDENTIFIER = com.alliconsulting.app.SimpleiOSSwiftApp;
				PRODUCT_NAME = "$(TARGET_NAME)";
				SWIFT_EMIT_LOC_STRINGS = YES;
				SWIFT_VERSION = 5.0;
				TARGETED_DEVICE_FAMILY = "1,2";
			};
			name = Release;
		};
		74F97D342BA9BD30009EA4F1 /* Debug */ = {
			isa = XCBuildConfiguration;
			buildSettings = {
				ALWAYS_EMBED_SWIFT_STANDARD_LIBRARIES = YES;
				BUNDLE_LOADER = "$(TEST_HOST)";
				CODE_SIGN_STYLE = Automatic;
				CURRENT_PROJECT_VERSION = 1;
				DEVELOPMENT_TEAM = 8WTH92NXLW;
				GENERATE_INFOPLIST_FILE = YES;
				IPHONEOS_DEPLOYMENT_TARGET = 17.0;
				MARKETING_VERSION = 1.0;
				PRODUCT_BUNDLE_IDENTIFIER = com.alliconsulting.app.SimpleiOSSwiftAppTests;
				PRODUCT_NAME = "$(TARGET_NAME)";
				SWIFT_EMIT_LOC_STRINGS = NO;
				SWIFT_VERSION = 5.0;
				TARGETED_DEVICE_FAMILY = "1,2";
				TEST_HOST = "$(BUILT_PRODUCTS_DIR)/SimpleiOSSwiftApp.app/$(BUNDLE_EXECUTABLE_FOLDER_PATH)/SimpleiOSSwiftApp";
			};
			name = Debug;
		};
		74F97D352BA9BD30009EA4F1 /* Release */ = {
			isa = XCBuildConfiguration;
			buildSettings = {
				ALWAYS_EMBED_SWIFT_STANDARD_LIBRARIES = YES;
				BUNDLE_LOADER = "$(TEST_HOST)";
				CODE_SIGN_STYLE = Automatic;
				CURRENT_PROJECT_VERSION = 1;
				DEVELOPMENT_TEAM = 8WTH92NXLW;
				GENERATE_INFOPLIST_FILE = YES;
				IPHONEOS_DEPLOYMENT_TARGET = 17.0;
				MARKETING_VERSION = 1.0;
				PRODUCT_BUNDLE_IDENTIFIER = com.alliconsulting.app.SimpleiOSSwiftAppTests;
				PRODUCT_NAME = "$(TARGET_NAME)";
				SWIFT_EMIT_LOC_STRINGS = NO;
				SWIFT_VERSION = 5.0;
				TARGETED_DEVICE_FAMILY = "1,2";
				TEST_HOST = "$(BUILT_PRODUCTS_DIR)/SimpleiOSSwiftApp.app/$(BUNDLE_EXECUTABLE_FOLDER_PATH)/SimpleiOSSwiftApp";
			};
			name = Release;
		};
		74F97D372BA9BD30009EA4F1 /* Debug */ = {
			isa = XCBuildConfiguration;
			buildSettings = {
				ALWAYS_EMBED_SWIFT_STANDARD_LIBRARIES = YES;
				CODE_SIGN_STYLE = Automatic;
				CURRENT_PROJECT_VERSION = 1;
				DEVELOPMENT_TEAM = 8WTH92NXLW;
				GENERATE_INFOPLIST_FILE = YES;
				IPHONEOS_DEPLOYMENT_TARGET = 17.0;
				MARKETING_VERSION = 1.0;
				PRODUCT_BUNDLE_IDENTIFIER = com.alliconsulting.app.SimpleiOSSwiftAppUITests;
				PRODUCT_NAME = "$(TARGET_NAME)";
				SWIFT_EMIT_LOC_STRINGS = NO;
				SWIFT_VERSION = 5.0;
				TARGETED_DEVICE_FAMILY = "1,2";
				TEST_TARGET_NAME = SimpleiOSSwiftApp;
			};
			name = Debug;
		};
		74F97D382BA9BD30009EA4F1 /* Release */ = {
			isa = XCBuildConfiguration;
			buildSettings = {
				ALWAYS_EMBED_SWIFT_STANDARD_LIBRARIES = YES;
				CODE_SIGN_STYLE = Automatic;
				CURRENT_PROJECT_VERSION = 1;
				DEVELOPMENT_TEAM = 8WTH92NXLW;
				GENERATE_INFOPLIST_FILE = YES;
				IPHONEOS_DEPLOYMENT_TARGET = 17.0;
				MARKETING_VERSION = 1.0;
				PRODUCT_BUNDLE_IDENTIFIER = com.alliconsulting.app.SimpleiOSSwiftAppUITests;
				PRODUCT_NAME = "$(TARGET_NAME)";
				SWIFT_EMIT_LOC_STRINGS = NO;
				SWIFT_VERSION = 5.0;
				TARGETED_DEVICE_FAMILY = "1,2";
				TEST_TARGET_NAME = SimpleiOSSwiftApp;
			};
			name = Release;
		};
/* End XCBuildConfiguration section */

/* Begin XCConfigurationList section */
		74F97D072BA9BD2E009EA4F1 /* Build configuration list for PBXProject "SimpleiOSSwiftApp" */ = {
			isa = XCConfigurationList;
			buildConfigurations = (
				74F97D2E2BA9BD30009EA4F1 /* Debug */,
				74F97D2F2BA9BD30009EA4F1 /* Release */,
			);
			defaultConfigurationIsVisible = 0;
			defaultConfigurationName = Release;
		};
		74F97D302BA9BD30009EA4F1 /* Build configuration list for PBXNativeTarget "SimpleiOSSwiftApp" */ = {
			isa = XCConfigurationList;
			buildConfigurations = (
				74F97D312BA9BD30009EA4F1 /* Debug */,
				74F97D322BA9BD30009EA4F1 /* Release */,
			);
			defaultConfigurationIsVisible = 0;
			defaultConfigurationName = Release;
		};
		74F97D332BA9BD30009EA4F1 /* Build configuration list for PBXNativeTarget "SimpleiOSSwiftAppTests" */ = {
			isa = XCConfigurationList;
			buildConfigurations = (
				74F97D342BA9BD30009EA4F1 /* Debug */,
				74F97D352BA9BD30009EA4F1 /* Release */,
			);
			defaultConfigurationIsVisible = 0;
			defaultConfigurationName = Release;
		};
		74F97D362BA9BD30009EA4F1 /* Build configuration list for PBXNativeTarget "SimpleiOSSwiftAppUITests" */ = {
			isa = XCConfigurationList;
			buildConfigurations = (
				74F97D372BA9BD30009EA4F1 /* Debug */,
				74F97D382BA9BD30009EA4F1 /* Release */,
			);
			defaultConfigurationIsVisible = 0;
			defaultConfigurationName = Release;
		};
/* End XCConfigurationList section */
	};
	rootObject = 74F97D042BA9BD2E009EA4F1 /* Project object */;
}
